
Microsoft Visual Studio Solution File, Format Version 12.00
# Visual Studio Version 16
VisualStudioVersion = 16.0.28803.452
MinimumVisualStudioVersion = 10.0.40219.1
Project("{FAE04EC0-301F-11D3-BF4B-00C04F79EFBC}") = "WindowsFormsApp1", "WindowsFormsApp1\WindowsFormsApp1.csproj", "{CD0D890A-4C5A-4776-98B1-4D6686944D91}"
EndProject
Global
	GlobalSection(SolutionConfigurationPlatforms) = preSolution
		Debug|Any CPU = Debug|Any CPU
		Release|Any CPU = Release|Any CPU
	EndGlobalSection
	GlobalSection(ProjectConfigurationPlatforms) = postSolution
		{CD0D890A-4C5A-4776-98B1-4D6686944D91}.Debug|Any CPU.ActiveCfg = Debug|Any CPU
		{CD0D890A-4C5A-4776-98B1-4D6686944D91}.Debug|Any CPU.Build.0 = Debug|Any CPU
		{CD0D890A-4C5A-4776-98B1-4D6686944D91}.Release|Any CPU.ActiveCfg = Release|Any CPU
		{CD0D890A-4C5A-4776-98B1-4D6686944D91}.Release|Any CPU.Build.0 = Release|Any CPU
	EndGlobalSection
	GlobalSection(SolutionProperties) = preSolution
		HideSolutionNode = FALSE
	EndGlobalSection
	GlobalSection(ExtensibilityGlobals) = postSolution
		SolutionGuid = {E3F3F775-86B9-46FC-8060-060996FF21E0}
	EndGlobalSection
EndGlobal
